// !$*UTF8*$!
{
	archiveVersion = 1;
	classes = {
	};
	objectVersion = 46;
	objects = {

/* Begin PBXBuildFile section */
		A71CBBA91D71381E003273BA /* main.m in Sources */ = {isa = PBXBuildFile; fileRef = A71CBBA81D71381E003273BA /* main.m */; };
		A71CBBAC1D71381E003273BA /* AppDelegate.m in Sources */ = {isa = PBXBuildFile; fileRef = A71CBBAB1D71381E003273BA /* AppDelegate.m */; };
		A71CBBAF1D71381E003273BA /* ViewController.m in Sources */ = {isa = PBXBuildFile; fileRef = A71CBBAE1D71381E003273BA /* ViewController.m */; };
		A71CBBB21D71381E003273BA /* Main.storyboard in Resources */ = {isa = PBXBuildFile; fileRef = A71CBBB01D71381E003273BA /* Main.storyboard */; };
		A71CBBB41D71381E003273BA /* Assets.xcassets in Resources */ = {isa = PBXBuildFile; fileRef = A71CBBB31D71381E003273BA /* Assets.xcassets */; };
		A71CBBB71D71381E003273BA /* LaunchScreen.storyboard in Resources */ = {isa = PBXBuildFile; fileRef = A71CBBB51D71381E003273BA /* LaunchScreen.storyboard */; };
		A7DB87F91D71E67700E82EE3 /* HeartView.m in Sources */ = {isa = PBXBuildFile; fileRef = A7DB87F81D71E67700E82EE3 /* HeartView.m */; };
/* End PBXBuildFile section */

/* Begin PBXFileReference section */
		A71CBBA41D71381E003273BA /* Heart.app */ = {isa = PBXFileReference; explicitFileType = wrapper.application; includeInIndex = 0; path = Heart.app; sourceTree = BUILT_PRODUCTS_DIR; };
		A71CBBA81D71381E003273BA /* main.m */ = {isa = PBXFileReference; lastKnownFileType = sourcecode.c.objc; path = main.m; sourceTree = "<group>"; };
		A71CBBAA1D71381E003273BA /* AppDelegate.h */ = {isa = PBXFileReference; lastKnownFileType = sourcecode.c.h; path = AppDelegate.h; sourceTree = "<group>"; };
		A71CBBAB1D71381E003273BA /* AppDelegate.m */ = {isa = PBXFileReference; lastKnownFileType = sourcecode.c.objc; path = AppDelegate.m; sourceTree = "<group>"; };
		A71CBBAD1D71381E003273BA /* ViewController.h */ = {isa = PBXFileReference; lastKnownFileType = sourcecode.c.h; path = ViewController.h; sourceTree = "<group>"; };
		A71CBBAE1D71381E003273BA /* ViewController.m */ = {isa = PBXFileReference; lastKnownFileType = sourcecode.c.objc; path = ViewController.m; sourceTree = "<group>"; };
		A71CBBB11D71381E003273BA /* Base */ = {isa = PBXFileReference; lastKnownFileType = file.storyboard; name = Base; path = Base.lproj/Main.storyboard; sourceTree = "<group>"; };
		A71CBBB31D71381E003273BA /* Assets.xcassets */ = {isa = PBXFileReference; lastKnownFileType = folder.assetcatalog; path = Assets.xcassets; sourceTree = "<group>"; };
		A71CBBB61D71381E003273BA /* Base */ = {isa = PBXFileReference; lastKnownFileType = file.storyboard; name = Base; path = Base.lproj/LaunchScreen.storyboard; sourceTree = "<group>"; };
		A71CBBB81D71381E003273BA /* Info.plist */ = {isa = PBXFileReference; lastKnownFileType = text.plist.xml; path = Info.plist; sourceTree = "<group>"; };
		A7DB87F71D71E67700E82EE3 /* HeartView.h */ = {isa = PBXFileReference; fileEncoding = 4; lastKnownFileType = sourcecode.c.h; path = HeartView.h; sourceTree = "<group>"; };
		A7DB87F81D71E67700E82EE3 /* HeartView.m */ = {isa = PBXFileReference; fileEncoding = 4; lastKnownFileType = sourcecode.c.objc; path = HeartView.m; sourceTree = "<group>"; };
/* End PBXFileReference section */

/* Begin PBXFrameworksBuildPhase section */
		A71CBBA11D71381E003273BA /* Frameworks */ = {
			isa = PBXFrameworksBuildPhase;
			buildActionMask = 2147483647;
			files = (
			);
			runOnlyForDeploymentPostprocessing = 0;
		};
/* End PBXFrameworksBuildPhase section */

/* Begin PBXGroup section */
		A71CBB9B1D71381E003273BA = {
			isa = PBXGroup;
			children = (
				A71CBBA61D71381E003273BA /* Heart */,
				A71CBBA51D71381E003273BA /* Products */,
			);
			sourceTree = "<group>";
		};
		A71CBBA51D71381E003273BA /* Products */ = {
			isa = PBXGroup;
			children = (
				A71CBBA41D71381E003273BA /* Heart.app */,
			);
			name = Products;
			sourceTree = "<group>";
		};
		A71CBBA61D71381E003273BA /* Heart */ = {
			isa = PBXGroup;
			children = (
				A71CBBAA1D71381E003273BA /* AppDelegate.h */,
				A71CBBAB1D71381E003273BA /* AppDelegate.m */,
				A71CBBAD1D71381E003273BA /* ViewController.h */,
				A71CBBAE1D71381E003273BA /* ViewController.m */,
				A7DB87F71D71E67700E82EE3 /* HeartView.h */,
				A7DB87F81D71E67700E82EE3 /* HeartView.m */,
				A71CBBB01D71381E003273BA /* Main.storyboard */,
				A71CBBB31D71381E003273BA /* Assets.xcassets */,
				A71CBBB51D71381E003273BA /* LaunchScreen.storyboard */,
				A71CBBB81D71381E003273BA /* Info.plist */,
				A71CBBA71D71381E003273BA /* Supporting Files */,
			);
			path = Heart;
			sourceTree = "<group>";
		};
		A71CBBA71D71381E003273BA /* Supporting Files */ = {
			isa = PBXGroup;
			children = (
				A71CBBA81D71381E003273BA /* main.m */,
			);
			name = "Supporting Files";
			sourceTree = "<group>";
		};
/* End PBXGroup section */

/* Begin PBXNativeTarget section */
		A71CBBA31D71381E003273BA /* Heart */ = {
			isa = PBXNativeTarget;
			buildConfigurationList = A71CBBBB1D71381E003273BA /* Build configuration list for PBXNativeTarget "Heart" */;
			buildPhases = (
				A71CBBA01D71381E003273BA /* Sources */,
				A71CBBA11D71381E003273BA /* Frameworks */,
				A71CBBA21D71381E003273BA /* Resources */,
			);
			buildRules = (
			);
			dependencies = (
			);
			name = Heart;
			productName = Heart;
			productReference = A71CBBA41D71381E003273BA /* Heart.app */;
			productType = "com.apple.product-type.application";
		};
/* End PBXNativeTarget section */

/* Begin PBXProject section */
		A71CBB9C1D71381E003273BA /* Project object */ = {
			isa = PBXProject;
			attributes = {
				LastUpgradeCheck = 0730;
				ORGANIZATIONNAME = zzzzz;
				TargetAttributes = {
					A71CBBA31D71381E003273BA = {
						CreatedOnToolsVersion = 7.3.1;
						DevelopmentTeam = 3H622W735Z;
					};
				};
			};
			buildConfigurationList = A71CBB9F1D71381E003273BA /* Build configuration list for PBXProject "Heart" */;
			compatibilityVersion = "Xcode 3.2";
			developmentRegion = English;
			hasScannedForEncodings = 0;
			knownRegions = (
				en,
				Base,
			);
			mainGroup = A71CBB9B1D71381E003273BA;
			productRefGroup = A71CBBA51D71381E003273BA /* Products */;
			projectDirPath = "";
			projectRoot = "";
			targets = (
				A71CBBA31D71381E003273BA /* Heart */,
			);
		};
/* End PBXProject section */

/* Begin PBXResourcesBuildPhase section */
		A71CBBA21D71381E003273BA /* Resources */ = {
			isa = PBXResourcesBuildPhase;
			buildActionMask = 2147483647;
			files = (
				A71CBBB71D71381E003273BA /* LaunchScreen.storyboard in Resources */,
				A71CBBB41D71381E003273BA /* Assets.xcassets in Resources */,
				A71CBBB21D71381E003273BA /* Main.storyboard in Resources */,
			);
			runOnlyForDeploymentPostprocessing = 0;
		};
/* End PBXResourcesBuildPhase section */

/* Begin PBXSourcesBuildPhase section */
		A71CBBA01D71381E003273BA /* Sources */ = {
			isa = PBXSourcesBuildPhase;
			buildActionMask = 2147483647;
			files = (
				A71CBBAF1D71381E003273BA /* ViewController.m in Sources */,
				A7DB87F91D71E67700E82EE3 /* HeartView.m in Sources */,
				A71CBBAC1D71381E003273BA /* AppDelegate.m in Sources */,
				A71CBBA91D71381E003273BA /* main.m in Sources */,
			);
			runOnlyForDeploymentPostprocessing = 0;
		};
/* End PBXSourcesBuildPhase section */

/* Begin PBXVariantGroup section */
		A71CBBB01D71381E003273BA /* Main.storyboard */ = {
			isa = PBXVariantGroup;
			children = (
				A71CBBB11D71381E003273BA /* Base */,
			);
			name = Main.storyboard;
			sourceTree = "<group>";
		};
		A71CBBB51D71381E003273BA /* LaunchScreen.storyboard */ = {
			isa = PBXVariantGroup;
			children = (
				A71CBBB61D71381E003273BA /* Base */,
			);
			name = LaunchScreen.storyboard;
			sourceTree = "<group>";
		};
/* End PBXVariantGroup section */

/* Begin XCBuildConfiguration section */
		A71CBBB91D71381E003273BA /* Debug */ = {
			isa = XCBuildConfiguration;
			buildSettings = {
				ALWAYS_SEARCH_USER_PATHS = NO;
				CLANG_ANALYZER_NONNULL = YES;
				CLANG_CXX_LANGUAGE_STANDARD = "gnu++0x";
				CLANG_CXX_LIBRARY = "libc++";
				CLANG_ENABLE_MODULES = YES;
				CLANG_ENABLE_OBJC_ARC = YES;
				CLANG_WARN_BOOL_CONVERSION = YES;
				CLANG_WARN_CONSTANT_CONVERSION = YES;
				CLANG_WARN_DIRECT_OBJC_ISA_USAGE = YES_ERROR;
				CLANG_WARN_EMPTY_BODY = YES;
				CLANG_WARN_ENUM_CONVERSION = YES;
				CLANG_WARN_INT_CONVERSION = YES;
				CLANG_WARN_OBJC_ROOT_CLASS = YES_ERROR;
				CLANG_WARN_UNREACHABLE_CODE = YES;
				CLANG_WARN__DUPLICATE_METHOD_MATCH = YES;
				"CODE_SIGN_IDENTITY[sdk=iphoneos*]" = "iPhone Developer";
				COPY_PHASE_STRIP = NO;
				DEBUG_INFORMATION_FORMAT = dwarf;
				ENABLE_STRICT_OBJC_MSGSEND = YES;
				ENABLE_TESTABILITY = YES;
				GCC_C_LANGUAGE_STANDARD = gnu99;
				GCC_DYNAMIC_NO_PIC = NO;
				GCC_NO_COMMON_BLOCKS = YES;
				GCC_OPTIMIZATION_LEVEL = 0;
				GCC_PREPROCESSOR_DEFINITIONS = (
					"DEBUG=1",
					"$(inherited)",
				);
				GCC_WARN_64_TO_32_BIT_CONVERSION = YES;
				GCC_WARN_ABOUT_RETURN_TYPE = YES_ERROR;
				GCC_WARN_UNDECLARED_SELECTOR = YES;
				GCC_WARN_UNINITIALIZED_AUTOS = YES_AGGRESSIVE;
				GCC_WARN_UNUSED_FUNCTION = YES;
				GCC_WARN_UNUSED_VARIABLE = YES;
				IPHONEOS_DEPLOYMENT_TARGET = 8.0;
				MTL_ENABLE_DEBUG_INFO = YES;
				ONLY_ACTIVE_ARCH = YES;
				SDKROOT = iphoneos;
				TARGETED_DEVICE_FAMILY = "1,2";
			};
			name = Debug;
		};
		A71CBBBA1D71381E003273BA /* Release */ = {
			isa = XCBuildConfiguration;
			buildSettings = {
				ALWAYS_SEARCH_USER_PATHS = NO;
				CLANG_ANALYZER_NONNULL = YES;
				CLANG_CXX_LANGUAGE_STANDARD = "gnu++0x";
				CLANG_CXX_LIBRARY = "libc++";
				CLANG_ENABLE_MODULES = YES;
				CLANG_ENABLE_OBJC_ARC = YES;
				CLANG_WARN_BOOL_CONVERSION = YES;
				CLANG_WARN_CONSTANT_CONVERSION = YES;
				CLANG_WARN_DIRECT_OBJC_ISA_USAGE = YES_ERROR;
				CLANG_WARN_EMPTY_BODY = YES;
				CLANG_WARN_ENUM_CONVERSION = YES;
				CLANG_WARN_INT_CONVERSION = YES;
				CLANG_WARN_OBJC_ROOT_CLASS = YES_ERROR;
				CLANG_WARN_UNREACHABLE_CODE = YES;
				CLANG_WARN__DUPLICATE_METHOD_MATCH = YES;
				"CODE_SIGN_IDENTITY[sdk=iphoneos*]" = "iPhone Developer";
				COPY_PHASE_STRIP = NO;
				DEBUG_INFORMATION_FORMAT = "dwarf-with-dsym";
				ENABLE_NS_ASSERTIONS = NO;
				ENABLE_STRICT_OBJC_MSGSEND = YES;
				GCC_C_LANGUAGE_STANDARD = gnu99;
				GCC_NO_COMMON_BLOCKS = YES;
				GCC_WARN_64_TO_32_BIT_CONVERSION = YES;
				GCC_WARN_ABOUT_RETURN_TYPE = YES_ERROR;
				GCC_WARN_UNDECLARED_SELECTOR = YES;
				GCC_WARN_UNINITIALIZED_AUTOS = YES_AGGRESSIVE;
				GCC_WARN_UNUSED_FUNCTION = YES;
				GCC_WARN_UNUSED_VARIABLE = YES;
				IPHONEOS_DEPLOYMENT_TARGET = 8.0;
				MTL_ENABLE_DEBUG_INFO = NO;
				SDKROOT = iphoneos;
				TARGETED_DEVICE_FAMILY = "1,2";
				VALIDATE_PRODUCT = YES;
			};
			name = Release;
		};
		A71CBBBC1D71381E003273BA /* Debug */ = {
			isa = XCBuildConfiguration;
			buildSettings = {
				ASSETCATALOG_COMPILER_APPICON_NAME = AppIcon;
				CODE_SIGN_IDENTITY = "iPhone Developer";
				"CODE_SIGN_IDENTITY[sdk=iphoneos*]" = "iPhone Developer";
				INFOPLIST_FILE = Heart/Info.plist;
				LD_RUNPATH_SEARCH_PATHS = "$(inherited) @executable_path/Frameworks";
				PRODUCT_BUNDLE_IDENTIFIER = com.zuoji.Heart;
				PRODUCT_NAME = "$(TARGET_NAME)";
				PROVISIONING_PROFILE = "";
			};
			name = Debug;
		};
		A71CBBBD1D71381E003273BA /* Release */ = {
			isa = XCBuildConfiguration;
			buildSettings = {
				ASSETCATALOG_COMPILER_APPICON_NAME = AppIcon;
				CODE_SIGN_IDENTITY = "iPhone Developer";
				"CODE_SIGN_IDENTITY[sdk=iphoneos*]" = "iPhone Developer";
				INFOPLIST_FILE = Heart/Info.plist;
				LD_RUNPATH_SEARCH_PATHS = "$(inherited) @executable_path/Frameworks";
				PRODUCT_BUNDLE_IDENTIFIER = com.zuoji.Heart;
				PRODUCT_NAME = "$(TARGET_NAME)";
				PROVISIONING_PROFILE = "";
			};
			name = Release;
		};
/* End XCBuildConfiguration section */

/* Begin XCConfigurationList section */
		A71CBB9F1D71381E003273BA /* Build configuration list for PBXProject "Heart" */ = {
			isa = XCConfigurationList;
			buildConfigurations = (
				A71CBBB91D71381E003273BA /* Debug */,
				A71CBBBA1D71381E003273BA /* Release */,
			);
			defaultConfigurationIsVisible = 0;
			defaultConfigurationName = Release;
		};
		A71CBBBB1D71381E003273BA /* Build configuration list for PBXNativeTarget "Heart" */ = {
			isa = XCConfigurationList;
			buildConfigurations = (
				A71CBBBC1D71381E003273BA /* Debug */,
				A71CBBBD1D71381E003273BA /* Release */,
			);
			defaultConfigurationIsVisible = 0;
			defaultConfigurationName = Release;
		};
/* End XCConfigurationList section */
	};
	rootObject = A71CBB9C1D71381E003273BA /* Project object */;
}
